// !$*UTF8*$!
{
	archiveVersion = 1;
	classes = {
	};
	objectVersion = 46;
	objects = {

/* Begin PBXBuildFile section */
		041783AD1F41D1680033CCFB /* ResultViewController.swift in Sources */ = {isa = PBXBuildFile; fileRef = 041783AC1F41D1680033CCFB /* ResultViewController.swift */; };
		041BF91A1F3F1CD700A5DF39 /* AppDelegate.swift in Sources */ = {isa = PBXBuildFile; fileRef = 041BF9191F3F1CD700A5DF39 /* AppDelegate.swift */; };
		041BF91F1F3F1CD700A5DF39 /* Main.storyboard in Resources */ = {isa = PBXBuildFile; fileRef = 041BF91D1F3F1CD700A5DF39 /* Main.storyboard */; };
		041BF9211F3F1CD700A5DF39 /* Assets.xcassets in Resources */ = {isa = PBXBuildFile; fileRef = 041BF9201F3F1CD700A5DF39 /* Assets.xcassets */; };
		041BF9241F3F1CD700A5DF39 /* LaunchScreen.storyboard in Resources */ = {isa = PBXBuildFile; fileRef = 041BF9221F3F1CD700A5DF39 /* LaunchScreen.storyboard */; };
		042510511F4BDA7F00D8CB0E /* HouserUITests.swift in Sources */ = {isa = PBXBuildFile; fileRef = 042510501F4BDA7F00D8CB0E /* HouserUITests.swift */; };
		04371C3D1F440E7700FAC873 /* CustomTableViewCell.swift in Sources */ = {isa = PBXBuildFile; fileRef = 04371C3C1F440E7700FAC873 /* CustomTableViewCell.swift */; };
		04371C3F1F442AF000FAC873 /* FavouriteViewController.swift in Sources */ = {isa = PBXBuildFile; fileRef = 04371C3E1F442AF000FAC873 /* FavouriteViewController.swift */; };
		04371C411F447AA700FAC873 /* DetailViewController.swift in Sources */ = {isa = PBXBuildFile; fileRef = 04371C401F447AA700FAC873 /* DetailViewController.swift */; };
		0449E5611F4160C800842420 /* DataModel.swift in Sources */ = {isa = PBXBuildFile; fileRef = 0449E5601F4160C800842420 /* DataModel.swift */; };
		0449E5631F4169FC00842420 /* SortTableViewController.swift in Sources */ = {isa = PBXBuildFile; fileRef = 0449E5621F4169FC00842420 /* SortTableViewController.swift */; };
		0492EA221F7A9F9600CD8B6D /* HomeViewController.swift in Sources */ = {isa = PBXBuildFile; fileRef = 0492EA211F7A9F9600CD8B6D /* HomeViewController.swift */; };
		04BA39AC1F81D8D400B96A98 /* OwningTableController.swift in Sources */ = {isa = PBXBuildFile; fileRef = 04BA39AB1F81D8D400B96A98 /* OwningTableController.swift */; };
		04D43CED1F71444900BC86D3 /* FMDatabase.m in Sources */ = {isa = PBXBuildFile; fileRef = 04D43CE21F71444900BC86D3 /* FMDatabase.m */; };
		04D43CEE1F71444900BC86D3 /* FMDatabaseAdditions.m in Sources */ = {isa = PBXBuildFile; fileRef = 04D43CE41F71444900BC86D3 /* FMDatabaseAdditions.m */; };
		04D43CEF1F71444900BC86D3 /* FMDatabasePool.m in Sources */ = {isa = PBXBuildFile; fileRef = 04D43CE61F71444900BC86D3 /* FMDatabasePool.m */; };
		04D43CF01F71444900BC86D3 /* FMDatabaseQueue.m in Sources */ = {isa = PBXBuildFile; fileRef = 04D43CE81F71444900BC86D3 /* FMDatabaseQueue.m */; };
		04D43CF11F71444900BC86D3 /* FMResultSet.m in Sources */ = {isa = PBXBuildFile; fileRef = 04D43CEB1F71444900BC86D3 /* FMResultSet.m */; };
		04D43CF21F71444900BC86D3 /* Info.plist in Resources */ = {isa = PBXBuildFile; fileRef = 04D43CEC1F71444900BC86D3 /* Info.plist */; };
		04D43CF41F714DE100BC86D3 /* MainModel.swift in Sources */ = {isa = PBXBuildFile; fileRef = 04D43CF31F714DE100BC86D3 /* MainModel.swift */; };
		04D504161F70BDC900116823 /* libsqlite3.0.tbd in Frameworks */ = {isa = PBXBuildFile; fileRef = 04D504151F70BDC900116823 /* libsqlite3.0.tbd */; };
		04D5042F1F70F1C400116823 /* Global.swift in Sources */ = {isa = PBXBuildFile; fileRef = 04D5042E1F70F1C400116823 /* Global.swift */; };
		04D504311F70F24500116823 /* Database.swift in Sources */ = {isa = PBXBuildFile; fileRef = 04D504301F70F24500116823 /* Database.swift */; };
		04D504331F70F2F300116823 /* houser.db in Resources */ = {isa = PBXBuildFile; fileRef = 04D504321F70F2F300116823 /* houser.db */; };
		04D504341F71096000116823 /* libsqlite3.0.tbd in Frameworks */ = {isa = PBXBuildFile; fileRef = 04D504151F70BDC900116823 /* libsqlite3.0.tbd */; };
		04F9A6CC1F82A5A900EB9B39 /* AddTableViewController.swift in Sources */ = {isa = PBXBuildFile; fileRef = 04F9A6CB1F82A5A900EB9B39 /* AddTableViewController.swift */; };
		199257411F8393C2009A9AF6 /* addDataModel.swift in Sources */ = {isa = PBXBuildFile; fileRef = 199257401F8393C2009A9AF6 /* addDataModel.swift */; };
/* End PBXBuildFile section */

/* Begin PBXContainerItemProxy section */
		042510531F4BDA7F00D8CB0E /* PBXContainerItemProxy */ = {
			isa = PBXContainerItemProxy;
			containerPortal = 041BF90E1F3F1CD700A5DF39 /* Project object */;
			proxyType = 1;
			remoteGlobalIDString = 041BF9151F3F1CD700A5DF39;
			remoteInfo = Houser;
		};
/* End PBXContainerItemProxy section */

/* Begin PBXFileReference section */
		041783AC1F41D1680033CCFB /* ResultViewController.swift */ = {isa = PBXFileReference; fileEncoding = 4; lastKnownFileType = sourcecode.swift; path = ResultViewController.swift; sourceTree = "<group>"; };
		041BF9161F3F1CD700A5DF39 /* Houser.app */ = {isa = PBXFileReference; explicitFileType = wrapper.application; includeInIndex = 0; path = Houser.app; sourceTree = BUILT_PRODUCTS_DIR; };
		041BF9191F3F1CD700A5DF39 /* AppDelegate.swift */ = {isa = PBXFileReference; lastKnownFileType = sourcecode.swift; path = AppDelegate.swift; sourceTree = "<group>"; };
		041BF91E1F3F1CD700A5DF39 /* Base */ = {isa = PBXFileReference; lastKnownFileType = file.storyboard; name = Base; path = Base.lproj/Main.storyboard; sourceTree = "<group>"; };
		041BF9201F3F1CD700A5DF39 /* Assets.xcassets */ = {isa = PBXFileReference; lastKnownFileType = folder.assetcatalog; path = Assets.xcassets; sourceTree = "<group>"; };
		041BF9231F3F1CD700A5DF39 /* Base */ = {isa = PBXFileReference; lastKnownFileType = file.storyboard; name = Base; path = Base.lproj/LaunchScreen.storyboard; sourceTree = "<group>"; };
		041BF9251F3F1CD700A5DF39 /* Info.plist */ = {isa = PBXFileReference; lastKnownFileType = text.plist.xml; path = Info.plist; sourceTree = "<group>"; };
		0425104E1F4BDA7E00D8CB0E /* HouserUITests.xctest */ = {isa = PBXFileReference; explicitFileType = wrapper.cfbundle; includeInIndex = 0; path = HouserUITests.xctest; sourceTree = BUILT_PRODUCTS_DIR; };
		042510501F4BDA7F00D8CB0E /* HouserUITests.swift */ = {isa = PBXFileReference; lastKnownFileType = sourcecode.swift; path = HouserUITests.swift; sourceTree = "<group>"; };
		042510521F4BDA7F00D8CB0E /* Info.plist */ = {isa = PBXFileReference; lastKnownFileType = text.plist.xml; path = Info.plist; sourceTree = "<group>"; };
		04371C3C1F440E7700FAC873 /* CustomTableViewCell.swift */ = {isa = PBXFileReference; fileEncoding = 4; lastKnownFileType = sourcecode.swift; path = CustomTableViewCell.swift; sourceTree = "<group>"; };
		04371C3E1F442AF000FAC873 /* FavouriteViewController.swift */ = {isa = PBXFileReference; fileEncoding = 4; lastKnownFileType = sourcecode.swift; path = FavouriteViewController.swift; sourceTree = "<group>"; };
		04371C401F447AA700FAC873 /* DetailViewController.swift */ = {isa = PBXFileReference; fileEncoding = 4; lastKnownFileType = sourcecode.swift; path = DetailViewController.swift; sourceTree = "<group>"; };
		0449E5601F4160C800842420 /* DataModel.swift */ = {isa = PBXFileReference; fileEncoding = 4; lastKnownFileType = sourcecode.swift; path = DataModel.swift; sourceTree = "<group>"; };
		0449E5621F4169FC00842420 /* SortTableViewController.swift */ = {isa = PBXFileReference; fileEncoding = 4; lastKnownFileType = sourcecode.swift; path = SortTableViewController.swift; sourceTree = "<group>"; };
		0492EA211F7A9F9600CD8B6D /* HomeViewController.swift */ = {isa = PBXFileReference; fileEncoding = 4; lastKnownFileType = sourcecode.swift; path = HomeViewController.swift; sourceTree = "<group>"; };
		04BA39AB1F81D8D400B96A98 /* OwningTableController.swift */ = {isa = PBXFileReference; fileEncoding = 4; lastKnownFileType = sourcecode.swift; path = OwningTableController.swift; sourceTree = "<group>"; };
		04D43CE11F71444900BC86D3 /* FMDatabase.h */ = {isa = PBXFileReference; fileEncoding = 4; lastKnownFileType = sourcecode.c.h; name = FMDatabase.h; path = fmdb/FMDatabase.h; sourceTree = "<group>"; };
		04D43CE21F71444900BC86D3 /* FMDatabase.m */ = {isa = PBXFileReference; fileEncoding = 4; lastKnownFileType = sourcecode.c.objc; name = FMDatabase.m; path = fmdb/FMDatabase.m; sourceTree = "<group>"; };
		04D43CE31F71444900BC86D3 /* FMDatabaseAdditions.h */ = {isa = PBXFileReference; fileEncoding = 4; lastKnownFileType = sourcecode.c.h; name = FMDatabaseAdditions.h; path = fmdb/FMDatabaseAdditions.h; sourceTree = "<group>"; };
		04D43CE41F71444900BC86D3 /* FMDatabaseAdditions.m */ = {isa = PBXFileReference; fileEncoding = 4; lastKnownFileType = sourcecode.c.objc; name = FMDatabaseAdditions.m; path = fmdb/FMDatabaseAdditions.m; sourceTree = "<group>"; };
		04D43CE51F71444900BC86D3 /* FMDatabasePool.h */ = {isa = PBXFileReference; fileEncoding = 4; lastKnownFileType = sourcecode.c.h; name = FMDatabasePool.h; path = fmdb/FMDatabasePool.h; sourceTree = "<group>"; };
		04D43CE61F71444900BC86D3 /* FMDatabasePool.m */ = {isa = PBXFileReference; fileEncoding = 4; lastKnownFileType = sourcecode.c.objc; name = FMDatabasePool.m; path = fmdb/FMDatabasePool.m; sourceTree = "<group>"; };
		04D43CE71F71444900BC86D3 /* FMDatabaseQueue.h */ = {isa = PBXFileReference; fileEncoding = 4; lastKnownFileType = sourcecode.c.h; name = FMDatabaseQueue.h; path = fmdb/FMDatabaseQueue.h; sourceTree = "<group>"; };
		04D43CE81F71444900BC86D3 /* FMDatabaseQueue.m */ = {isa = PBXFileReference; fileEncoding = 4; lastKnownFileType = sourcecode.c.objc; name = FMDatabaseQueue.m; path = fmdb/FMDatabaseQueue.m; sourceTree = "<group>"; };
		04D43CE91F71444900BC86D3 /* FMDB.h */ = {isa = PBXFileReference; fileEncoding = 4; lastKnownFileType = sourcecode.c.h; name = FMDB.h; path = fmdb/FMDB.h; sourceTree = "<group>"; };
		04D43CEA1F71444900BC86D3 /* FMResultSet.h */ = {isa = PBXFileReference; fileEncoding = 4; lastKnownFileType = sourcecode.c.h; name = FMResultSet.h; path = fmdb/FMResultSet.h; sourceTree = "<group>"; };
		04D43CEB1F71444900BC86D3 /* FMResultSet.m */ = {isa = PBXFileReference; fileEncoding = 4; lastKnownFileType = sourcecode.c.objc; name = FMResultSet.m; path = fmdb/FMResultSet.m; sourceTree = "<group>"; };
		04D43CEC1F71444900BC86D3 /* Info.plist */ = {isa = PBXFileReference; fileEncoding = 4; lastKnownFileType = text.plist.xml; name = Info.plist; path = fmdb/Info.plist; sourceTree = "<group>"; };
		04D43CF31F714DE100BC86D3 /* MainModel.swift */ = {isa = PBXFileReference; fileEncoding = 4; lastKnownFileType = sourcecode.swift; path = MainModel.swift; sourceTree = "<group>"; };
		04D504151F70BDC900116823 /* libsqlite3.0.tbd */ = {isa = PBXFileReference; lastKnownFileType = "sourcecode.text-based-dylib-definition"; name = libsqlite3.0.tbd; path = usr/lib/libsqlite3.0.tbd; sourceTree = SDKROOT; };
		04D504181F70BF6A00116823 /* Houser-Bridging-Header.h */ = {isa = PBXFileReference; lastKnownFileType = sourcecode.c.h; path = "Houser-Bridging-Header.h"; sourceTree = "<group>"; };
		04D5042E1F70F1C400116823 /* Global.swift */ = {isa = PBXFileReference; fileEncoding = 4; lastKnownFileType = sourcecode.swift; path = Global.swift; sourceTree = "<group>"; };
		04D504301F70F24500116823 /* Database.swift */ = {isa = PBXFileReference; fileEncoding = 4; lastKnownFileType = sourcecode.swift; path = Database.swift; sourceTree = "<group>"; };
		04D504321F70F2F300116823 /* houser.db */ = {isa = PBXFileReference; fileEncoding = 4; lastKnownFileType = text; path = houser.db; sourceTree = "<group>"; };
		04F9A6CB1F82A5A900EB9B39 /* AddTableViewController.swift */ = {isa = PBXFileReference; fileEncoding = 4; lastKnownFileType = sourcecode.swift; path = AddTableViewController.swift; sourceTree = "<group>"; };
		199257401F8393C2009A9AF6 /* addDataModel.swift */ = {isa = PBXFileReference; fileEncoding = 4; lastKnownFileType = sourcecode.swift; path = addDataModel.swift; sourceTree = "<group>"; };
/* End PBXFileReference section */

/* Begin PBXFrameworksBuildPhase section */
		041BF9131F3F1CD700A5DF39 /* Frameworks */ = {
			isa = PBXFrameworksBuildPhase;
			buildActionMask = 2147483647;
			files = (
				04D504341F71096000116823 /* libsqlite3.0.tbd in Frameworks */,
			);
			runOnlyForDeploymentPostprocessing = 0;
		};
		0425104B1F4BDA7E00D8CB0E /* Frameworks */ = {
			isa = PBXFrameworksBuildPhase;
			buildActionMask = 2147483647;
			files = (
				04D504161F70BDC900116823 /* libsqlite3.0.tbd in Frameworks */,
			);
			runOnlyForDeploymentPostprocessing = 0;
		};
/* End PBXFrameworksBuildPhase section */

/* Begin PBXGroup section */
		041BF90D1F3F1CD700A5DF39 = {
			isa = PBXGroup;
			children = (
				041BF9181F3F1CD700A5DF39 /* Houser */,
				0425104F1F4BDA7F00D8CB0E /* HouserUITests */,
				041BF9171F3F1CD700A5DF39 /* Products */,
				04D504141F70BDC900116823 /* Frameworks */,
			);
			sourceTree = "<group>";
		};
		041BF9171F3F1CD700A5DF39 /* Products */ = {
			isa = PBXGroup;
			children = (
				041BF9161F3F1CD700A5DF39 /* Houser.app */,
				0425104E1F4BDA7E00D8CB0E /* HouserUITests.xctest */,
			);
			name = Products;
			sourceTree = "<group>";
		};
		041BF9181F3F1CD700A5DF39 /* Houser */ = {
			isa = PBXGroup;
			children = (
				04D5042B1F70C00500116823 /* View */,
				04D504171F70BF3800116823 /* Database */,
				04ED32021F4048B700144F9F /* Model */,
				04ED32011F4048AE00144F9F /* Controller */,
				041BF9191F3F1CD700A5DF39 /* AppDelegate.swift */,
				041BF9201F3F1CD700A5DF39 /* Assets.xcassets */,
				041BF9221F3F1CD700A5DF39 /* LaunchScreen.storyboard */,
				041BF9251F3F1CD700A5DF39 /* Info.plist */,
				04D504321F70F2F300116823 /* houser.db */,
			);
			path = Houser;
			sourceTree = "<group>";
		};
		0425104F1F4BDA7F00D8CB0E /* HouserUITests */ = {
			isa = PBXGroup;
			children = (
				042510501F4BDA7F00D8CB0E /* HouserUITests.swift */,
				042510521F4BDA7F00D8CB0E /* Info.plist */,
			);
			path = HouserUITests;
			sourceTree = "<group>";
		};
		04D504141F70BDC900116823 /* Frameworks */ = {
			isa = PBXGroup;
			children = (
				04D504151F70BDC900116823 /* libsqlite3.0.tbd */,
			);
			name = Frameworks;
			sourceTree = "<group>";
		};
		04D504171F70BF3800116823 /* Database */ = {
			isa = PBXGroup;
			children = (
				04D43CE11F71444900BC86D3 /* FMDatabase.h */,
				04D43CE21F71444900BC86D3 /* FMDatabase.m */,
				04D43CE31F71444900BC86D3 /* FMDatabaseAdditions.h */,
				04D43CE41F71444900BC86D3 /* FMDatabaseAdditions.m */,
				04D43CE51F71444900BC86D3 /* FMDatabasePool.h */,
				04D43CE61F71444900BC86D3 /* FMDatabasePool.m */,
				04D43CE71F71444900BC86D3 /* FMDatabaseQueue.h */,
				04D43CE81F71444900BC86D3 /* FMDatabaseQueue.m */,
				04D43CE91F71444900BC86D3 /* FMDB.h */,
				04D43CEA1F71444900BC86D3 /* FMResultSet.h */,
				04D43CEB1F71444900BC86D3 /* FMResultSet.m */,
				04D43CEC1F71444900BC86D3 /* Info.plist */,
				04D504181F70BF6A00116823 /* Houser-Bridging-Header.h */,
			);
			name = Database;
			sourceTree = "<group>";
		};
		04D5042B1F70C00500116823 /* View */ = {
			isa = PBXGroup;
			children = (
				041BF91D1F3F1CD700A5DF39 /* Main.storyboard */,
			);
			name = View;
			sourceTree = "<group>";
		};
		04ED32011F4048AE00144F9F /* Controller */ = {
			isa = PBXGroup;
			children = (
				0449E5621F4169FC00842420 /* SortTableViewController.swift */,
				041783AC1F41D1680033CCFB /* ResultViewController.swift */,
				04371C3C1F440E7700FAC873 /* CustomTableViewCell.swift */,
				04371C3E1F442AF000FAC873 /* FavouriteViewController.swift */,
				04371C401F447AA700FAC873 /* DetailViewController.swift */,
				0492EA211F7A9F9600CD8B6D /* HomeViewController.swift */,
				04BA39AB1F81D8D400B96A98 /* OwningTableController.swift */,
				04F9A6CB1F82A5A900EB9B39 /* AddTableViewController.swift */,
			);
			name = Controller;
			sourceTree = "<group>";
		};
		04ED32021F4048B700144F9F /* Model */ = {
			isa = PBXGroup;
			children = (
				0449E5601F4160C800842420 /* DataModel.swift */,
				04D5042E1F70F1C400116823 /* Global.swift */,
				04D504301F70F24500116823 /* Database.swift */,
				04D43CF31F714DE100BC86D3 /* MainModel.swift */,
				199257401F8393C2009A9AF6 /* addDataModel.swift */,
			);
			name = Model;
			sourceTree = "<group>";
		};
/* End PBXGroup section */

/* Begin PBXNativeTarget section */
		041BF9151F3F1CD700A5DF39 /* Houser */ = {
			isa = PBXNativeTarget;
			buildConfigurationList = 041BF9281F3F1CD700A5DF39 /* Build configuration list for PBXNativeTarget "Houser" */;
			buildPhases = (
				041BF9121F3F1CD700A5DF39 /* Sources */,
				041BF9131F3F1CD700A5DF39 /* Frameworks */,
				041BF9141F3F1CD700A5DF39 /* Resources */,
			);
			buildRules = (
			);
			dependencies = (
			);
			name = Houser;
			productName = Houser;
			productReference = 041BF9161F3F1CD700A5DF39 /* Houser.app */;
			productType = "com.apple.product-type.application";
		};
		0425104D1F4BDA7E00D8CB0E /* HouserUITests */ = {
			isa = PBXNativeTarget;
			buildConfigurationList = 042510551F4BDA7F00D8CB0E /* Build configuration list for PBXNativeTarget "HouserUITests" */;
			buildPhases = (
				0425104A1F4BDA7E00D8CB0E /* Sources */,
				0425104B1F4BDA7E00D8CB0E /* Frameworks */,
				0425104C1F4BDA7E00D8CB0E /* Resources */,
			);
			buildRules = (
			);
			dependencies = (
				042510541F4BDA7F00D8CB0E /* PBXTargetDependency */,
			);
			name = HouserUITests;
			productName = HouserUITests;
			productReference = 0425104E1F4BDA7E00D8CB0E /* HouserUITests.xctest */;
			productType = "com.apple.product-type.bundle.ui-testing";
		};
/* End PBXNativeTarget section */

/* Begin PBXProject section */
		041BF90E1F3F1CD700A5DF39 /* Project object */ = {
			isa = PBXProject;
			attributes = {
				LastSwiftUpdateCheck = 0830;
				LastUpgradeCheck = 0830;
				ORGANIZATIONNAME = Iphone10;
				TargetAttributes = {
					041BF9151F3F1CD700A5DF39 = {
						CreatedOnToolsVersion = 8.3.3;
						DevelopmentTeam = E4N5Z3M624;
						LastSwiftMigration = 0830;
						ProvisioningStyle = Automatic;
					};
					0425104D1F4BDA7E00D8CB0E = {
						CreatedOnToolsVersion = 8.3.3;
						ProvisioningStyle = Automatic;
						TestTargetID = 041BF9151F3F1CD700A5DF39;
					};
				};
			};
			buildConfigurationList = 041BF9111F3F1CD700A5DF39 /* Build configuration list for PBXProject "Houser" */;
			compatibilityVersion = "Xcode 3.2";
			developmentRegion = English;
			hasScannedForEncodings = 0;
			knownRegions = (
				en,
				Base,
			);
			mainGroup = 041BF90D1F3F1CD700A5DF39;
			productRefGroup = 041BF9171F3F1CD700A5DF39 /* Products */;
			projectDirPath = "";
			projectRoot = "";
			targets = (
				041BF9151F3F1CD700A5DF39 /* Houser */,
				0425104D1F4BDA7E00D8CB0E /* HouserUITests */,
			);
		};
/* End PBXProject section */

/* Begin PBXResourcesBuildPhase section */
		041BF9141F3F1CD700A5DF39 /* Resources */ = {
			isa = PBXResourcesBuildPhase;
			buildActionMask = 2147483647;
			files = (
				041BF9241F3F1CD700A5DF39 /* LaunchScreen.storyboard in Resources */,
				04D504331F70F2F300116823 /* houser.db in Resources */,
				041BF9211F3F1CD700A5DF39 /* Assets.xcassets in Resources */,
				04D43CF21F71444900BC86D3 /* Info.plist in Resources */,
				041BF91F1F3F1CD700A5DF39 /* Main.storyboard in Resources */,
			);
			runOnlyForDeploymentPostprocessing = 0;
		};
		0425104C1F4BDA7E00D8CB0E /* Resources */ = {
			isa = PBXResourcesBuildPhase;
			buildActionMask = 2147483647;
			files = (
			);
			runOnlyForDeploymentPostprocessing = 0;
		};
/* End PBXResourcesBuildPhase section */

/* Begin PBXSourcesBuildPhase section */
		041BF9121F3F1CD700A5DF39 /* Sources */ = {
			isa = PBXSourcesBuildPhase;
			buildActionMask = 2147483647;
			files = (
				199257411F8393C2009A9AF6 /* addDataModel.swift in Sources */,
				04D43CF41F714DE100BC86D3 /* MainModel.swift in Sources */,
				04371C3D1F440E7700FAC873 /* CustomTableViewCell.swift in Sources */,
				04D43CEF1F71444900BC86D3 /* FMDatabasePool.m in Sources */,
				04D43CF01F71444900BC86D3 /* FMDatabaseQueue.m in Sources */,
				04D504311F70F24500116823 /* Database.swift in Sources */,
				04F9A6CC1F82A5A900EB9B39 /* AddTableViewController.swift in Sources */,
				041BF91A1F3F1CD700A5DF39 /* AppDelegate.swift in Sources */,
				04D5042F1F70F1C400116823 /* Global.swift in Sources */,
				04BA39AC1F81D8D400B96A98 /* OwningTableController.swift in Sources */,
				0449E5611F4160C800842420 /* DataModel.swift in Sources */,
				04371C3F1F442AF000FAC873 /* FavouriteViewController.swift in Sources */,
				04D43CF11F71444900BC86D3 /* FMResultSet.m in Sources */,
				0449E5631F4169FC00842420 /* SortTableViewController.swift in Sources */,
				0492EA221F7A9F9600CD8B6D /* HomeViewController.swift in Sources */,
				041783AD1F41D1680033CCFB /* ResultViewController.swift in Sources */,
				04D43CED1F71444900BC86D3 /* FMDatabase.m in Sources */,
				04371C411F447AA700FAC873 /* DetailViewController.swift in Sources */,
				04D43CEE1F71444900BC86D3 /* FMDatabaseAdditions.m in Sources */,
			);
			runOnlyForDeploymentPostprocessing = 0;
		};
		0425104A1F4BDA7E00D8CB0E /* Sources */ = {
			isa = PBXSourcesBuildPhase;
			buildActionMask = 2147483647;
			files = (
				042510511F4BDA7F00D8CB0E /* HouserUITests.swift in Sources */,
			);
			runOnlyForDeploymentPostprocessing = 0;
		};
/* End PBXSourcesBuildPhase section */

/* Begin PBXTargetDependency section */
		042510541F4BDA7F00D8CB0E /* PBXTargetDependency */ = {
			isa = PBXTargetDependency;
			target = 041BF9151F3F1CD700A5DF39 /* Houser */;
			targetProxy = 042510531F4BDA7F00D8CB0E /* PBXContainerItemProxy */;
		};
/* End PBXTargetDependency section */

/* Begin PBXVariantGroup section */
		041BF91D1F3F1CD700A5DF39 /* Main.storyboard */ = {
			isa = PBXVariantGroup;
			children = (
				041BF91E1F3F1CD700A5DF39 /* Base */,
			);
			name = Main.storyboard;
			sourceTree = "<group>";
		};
		041BF9221F3F1CD700A5DF39 /* LaunchScreen.storyboard */ = {
			isa = PBXVariantGroup;
			children = (
				041BF9231F3F1CD700A5DF39 /* Base */,
			);
			name = LaunchScreen.storyboard;
			sourceTree = "<group>";
		};
/* End PBXVariantGroup section */

/* Begin XCBuildConfiguration section */
		041BF9261F3F1CD700A5DF39 /* Debug */ = {
			isa = XCBuildConfiguration;
			buildSettings = {
				ALWAYS_SEARCH_USER_PATHS = NO;
				CLANG_ANALYZER_NONNULL = YES;
				CLANG_ANALYZER_NUMBER_OBJECT_CONVERSION = YES_AGGRESSIVE;
				CLANG_CXX_LANGUAGE_STANDARD = "gnu++0x";
				CLANG_CXX_LIBRARY = "libc++";
				CLANG_ENABLE_MODULES = YES;
				CLANG_ENABLE_OBJC_ARC = YES;
				CLANG_WARN_BOOL_CONVERSION = YES;
				CLANG_WARN_CONSTANT_CONVERSION = YES;
				CLANG_WARN_DIRECT_OBJC_ISA_USAGE = YES_ERROR;
				CLANG_WARN_DOCUMENTATION_COMMENTS = YES;
				CLANG_WARN_EMPTY_BODY = YES;
				CLANG_WARN_ENUM_CONVERSION = YES;
				CLANG_WARN_INFINITE_RECURSION = YES;
				CLANG_WARN_INT_CONVERSION = YES;
				CLANG_WARN_OBJC_ROOT_CLASS = YES_ERROR;
				CLANG_WARN_SUSPICIOUS_MOVE = YES;
				CLANG_WARN_UNREACHABLE_CODE = YES;
				CLANG_WARN__DUPLICATE_METHOD_MATCH = YES;
				"CODE_SIGN_IDENTITY[sdk=iphoneos*]" = "iPhone Developer";
				COPY_PHASE_STRIP = NO;
				DEBUG_INFORMATION_FORMAT = dwarf;
				ENABLE_STRICT_OBJC_MSGSEND = YES;
				ENABLE_TESTABILITY = YES;
				GCC_C_LANGUAGE_STANDARD = gnu99;
				GCC_DYNAMIC_NO_PIC = NO;
				GCC_NO_COMMON_BLOCKS = YES;
				GCC_OPTIMIZATION_LEVEL = 0;
				GCC_PREPROCESSOR_DEFINITIONS = (
					"DEBUG=1",
					"$(inherited)",
				);
				GCC_WARN_64_TO_32_BIT_CONVERSION = YES;
				GCC_WARN_ABOUT_RETURN_TYPE = YES_ERROR;
				GCC_WARN_UNDECLARED_SELECTOR = YES;
				GCC_WARN_UNINITIALIZED_AUTOS = YES_AGGRESSIVE;
				GCC_WARN_UNUSED_FUNCTION = YES;
				GCC_WARN_UNUSED_VARIABLE = YES;
				IPHONEOS_DEPLOYMENT_TARGET = 10.3;
				MTL_ENABLE_DEBUG_INFO = YES;
				ONLY_ACTIVE_ARCH = YES;
				SDKROOT = iphoneos;
				SWIFT_ACTIVE_COMPILATION_CONDITIONS = DEBUG;
				SWIFT_OPTIMIZATION_LEVEL = "-Onone";
				TARGETED_DEVICE_FAMILY = "1,2";
			};
			name = Debug;
		};
		041BF9271F3F1CD700A5DF39 /* Release */ = {
			isa = XCBuildConfiguration;
			buildSettings = {
				ALWAYS_SEARCH_USER_PATHS = NO;
				CLANG_ANALYZER_NONNULL = YES;
				CLANG_ANALYZER_NUMBER_OBJECT_CONVERSION = YES_AGGRESSIVE;
				CLANG_CXX_LANGUAGE_STANDARD = "gnu++0x";
				CLANG_CXX_LIBRARY = "libc++";
				CLANG_ENABLE_MODULES = YES;
				CLANG_ENABLE_OBJC_ARC = YES;
				CLANG_WARN_BOOL_CONVERSION = YES;
				CLANG_WARN_CONSTANT_CONVERSION = YES;
				CLANG_WARN_DIRECT_OBJC_ISA_USAGE = YES_ERROR;
				CLANG_WARN_DOCUMENTATION_COMMENTS = YES;
				CLANG_WARN_EMPTY_BODY = YES;
				CLANG_WARN_ENUM_CONVERSION = YES;
				CLANG_WARN_INFINITE_RECURSION = YES;
				CLANG_WARN_INT_CONVERSION = YES;
				CLANG_WARN_OBJC_ROOT_CLASS = YES_ERROR;
				CLANG_WARN_SUSPICIOUS_MOVE = YES;
				CLANG_WARN_UNREACHABLE_CODE = YES;
				CLANG_WARN__DUPLICATE_METHOD_MATCH = YES;
				"CODE_SIGN_IDENTITY[sdk=iphoneos*]" = "iPhone Developer";
				COPY_PHASE_STRIP = NO;
				DEBUG_INFORMATION_FORMAT = "dwarf-with-dsym";
				ENABLE_NS_ASSERTIONS = NO;
				ENABLE_STRICT_OBJC_MSGSEND = YES;
				GCC_C_LANGUAGE_STANDARD = gnu99;
				GCC_NO_COMMON_BLOCKS = YES;
				GCC_WARN_64_TO_32_BIT_CONVERSION = YES;
				GCC_WARN_ABOUT_RETURN_TYPE = YES_ERROR;
				GCC_WARN_UNDECLARED_SELECTOR = YES;
				GCC_WARN_UNINITIALIZED_AUTOS = YES_AGGRESSIVE;
				GCC_WARN_UNUSED_FUNCTION = YES;
				GCC_WARN_UNUSED_VARIABLE = YES;
				IPHONEOS_DEPLOYMENT_TARGET = 10.3;
				MTL_ENABLE_DEBUG_INFO = NO;
				SDKROOT = iphoneos;
				SWIFT_OPTIMIZATION_LEVEL = "-Owholemodule";
				TARGETED_DEVICE_FAMILY = "1,2";
				VALIDATE_PRODUCT = YES;
			};
			name = Release;
		};
		041BF9291F3F1CD700A5DF39 /* Debug */ = {
			isa = XCBuildConfiguration;
			buildSettings = {
				ASSETCATALOG_COMPILER_APPICON_NAME = AppIcon;
				CLANG_ENABLE_MODULES = YES;
				DEVELOPMENT_TEAM = E4N5Z3M624;
				INFOPLIST_FILE = Houser/Info.plist;
				IPHONEOS_DEPLOYMENT_TARGET = 10.2;
				LD_RUNPATH_SEARCH_PATHS = "$(inherited) @executable_path/Frameworks";
				PRODUCT_BUNDLE_IDENTIFIER = Iphone10.Houser;
				PRODUCT_NAME = "$(TARGET_NAME)";
				SWIFT_OBJC_BRIDGING_HEADER = "Houser/Houser-Bridging-Header.h";
				SWIFT_OPTIMIZATION_LEVEL = "-Onone";
				SWIFT_VERSION = 3.0;
			};
			name = Debug;
		};
		041BF92A1F3F1CD700A5DF39 /* Release */ = {
			isa = XCBuildConfiguration;
			buildSettings = {
				ASSETCATALOG_COMPILER_APPICON_NAME = AppIcon;
				CLANG_ENABLE_MODULES = YES;
				DEVELOPMENT_TEAM = E4N5Z3M624;
				INFOPLIST_FILE = Houser/Info.plist;
				IPHONEOS_DEPLOYMENT_TARGET = 10.2;
				LD_RUNPATH_SEARCH_PATHS = "$(inherited) @executable_path/Frameworks";
				PRODUCT_BUNDLE_IDENTIFIER = Iphone10.Houser;
				PRODUCT_NAME = "$(TARGET_NAME)";
				SWIFT_OBJC_BRIDGING_HEADER = "Houser/Houser-Bridging-Header.h";
				SWIFT_VERSION = 3.0;
			};
			name = Release;
		};
		042510561F4BDA7F00D8CB0E /* Debug */ = {
			isa = XCBuildConfiguration;
			buildSettings = {
				INFOPLIST_FILE = HouserUITests/Info.plist;
				LD_RUNPATH_SEARCH_PATHS = "$(inherited) @executable_path/Frameworks @loader_path/Frameworks";
				PRODUCT_BUNDLE_IDENTIFIER = Iphone10.HouserUITests;
				PRODUCT_NAME = "$(TARGET_NAME)";
				SWIFT_VERSION = 3.0;
				TEST_TARGET_NAME = Houser;
			};
			name = Debug;
		};
		042510571F4BDA7F00D8CB0E /* Release */ = {
			isa = XCBuildConfiguration;
			buildSettings = {
				INFOPLIST_FILE = HouserUITests/Info.plist;
				LD_RUNPATH_SEARCH_PATHS = "$(inherited) @executable_path/Frameworks @loader_path/Frameworks";
				PRODUCT_BUNDLE_IDENTIFIER = Iphone10.HouserUITests;
				PRODUCT_NAME = "$(TARGET_NAME)";
				SWIFT_VERSION = 3.0;
				TEST_TARGET_NAME = Houser;
			};
			name = Release;
		};
/* End XCBuildConfiguration section */

/* Begin XCConfigurationList section */
		041BF9111F3F1CD700A5DF39 /* Build configuration list for PBXProject "Houser" */ = {
			isa = XCConfigurationList;
			buildConfigurations = (
				041BF9261F3F1CD700A5DF39 /* Debug */,
				041BF9271F3F1CD700A5DF39 /* Release */,
			);
			defaultConfigurationIsVisible = 0;
			defaultConfigurationName = Release;
		};
		041BF9281F3F1CD700A5DF39 /* Build configuration list for PBXNativeTarget "Houser" */ = {
			isa = XCConfigurationList;
			buildConfigurations = (
				041BF9291F3F1CD700A5DF39 /* Debug */,
				041BF92A1F3F1CD700A5DF39 /* Release */,
			);
			defaultConfigurationIsVisible = 0;
			defaultConfigurationName = Release;
		};
		042510551F4BDA7F00D8CB0E /* Build configuration list for PBXNativeTarget "HouserUITests" */ = {
			isa = XCConfigurationList;
			buildConfigurations = (
				042510561F4BDA7F00D8CB0E /* Debug */,
				042510571F4BDA7F00D8CB0E /* Release */,
			);
			defaultConfigurationIsVisible = 0;
			defaultConfigurationName = Release;
		};
/* End XCConfigurationList section */
	};
	rootObject = 041BF90E1F3F1CD700A5DF39 /* Project object */;
}
